
Microsoft Visual Studio Solution File, Format Version 12.00
# Visual Studio Version 17
VisualStudioVersion = 17.9.34902.65
MinimumVisualStudioVersion = 10.0.40219.1
Project("{FAE04EC0-301F-11D3-BF4B-00C04F79EFBC}") = "IT3045C-Final-Project", "IT3045C-Final-Project.csproj", "{22D9019E-E069-41CE-A600-86C8FBF528FD}"
EndProject
Global
	GlobalSection(SolutionConfigurationPlatforms) = preSolution
		Debug|Any CPU = Debug|Any CPU
		Release|Any CPU = Release|Any CPU
	EndGlobalSection
	GlobalSection(ProjectConfigurationPlatforms) = postSolution
		{22D9019E-E069-41CE-A600-86C8FBF528FD}.Debug|Any CPU.ActiveCfg = Debug|Any CPU
		{22D9019E-E069-41CE-A600-86C8FBF528FD}.Debug|Any CPU.Build.0 = Debug|Any CPU
		{22D9019E-E069-41CE-A600-86C8FBF528FD}.Release|Any CPU.ActiveCfg = Release|Any CPU
		{22D9019E-E069-41CE-A600-86C8FBF528FD}.Release|Any CPU.Build.0 = Release|Any CPU
	EndGlobalSection
	GlobalSection(SolutionProperties) = preSolution
		HideSolutionNode = FALSE
	EndGlobalSection
	GlobalSection(ExtensibilityGlobals) = postSolution
		SolutionGuid = {F625260B-1D6F-4E12-9F27-DE26E6951A0F}
	EndGlobalSection
EndGlobal
